
Microsoft Visual Studio Solution File, Format Version 12.00
# Visual Studio Version 16
VisualStudioVersion = 16.0.30804.86
MinimumVisualStudioVersion = 10.0.40219.1
Project("{FAE04EC0-301F-11D3-BF4B-00C04F79EFBC}") = "Followers", "Followers.csproj", "{75722673-BBFA-46D7-B617-FC177920551F}"
EndProject
Global
	GlobalSection(SolutionConfigurationPlatforms) = preSolution
		Debug|Any CPU = Debug|Any CPU
		Release|Any CPU = Release|Any CPU
	EndGlobalSection
	GlobalSection(ProjectConfigurationPlatforms) = postSolution
		{75722673-BBFA-46D7-B617-FC177920551F}.Debug|Any CPU.ActiveCfg = Debug|Any CPU
		{75722673-BBFA-46D7-B617-FC177920551F}.Debug|Any CPU.Build.0 = Debug|Any CPU
		{75722673-BBFA-46D7-B617-FC177920551F}.Release|Any CPU.ActiveCfg = Release|Any CPU
		{75722673-BBFA-46D7-B617-FC177920551F}.Release|Any CPU.Build.0 = Release|Any CPU
	EndGlobalSection
	GlobalSection(SolutionProperties) = preSolution
		HideSolutionNode = FALSE
	EndGlobalSection
	GlobalSection(ExtensibilityGlobals) = postSolution
		SolutionGuid = {4565B211-B85E-4AC4-A8B4-2A4726FDCC44}
	EndGlobalSection
EndGlobal
